// !$*UTF8*$!
{
	archiveVersion = 1;
	classes = {
	};
	objectVersion = 55;
	objects = {

/* Begin PBXBuildFile section */
		2E016B27DAF94ACCC4AABBBD /* Pods_Project_Sandro_Giorgishvili.framework in Frameworks */ = {isa = PBXBuildFile; fileRef = DE090829F7D821B783E0A85E /* Pods_Project_Sandro_Giorgishvili.framework */; };
		3B05DE5A28D263D5006CD33B /* TransferToSomeoneViewController.swift in Sources */ = {isa = PBXBuildFile; fileRef = 3B05DE5928D263D5006CD33B /* TransferToSomeoneViewController.swift */; };
		3B05DE5C28D263F6006CD33B /* TransferToSomeone.storyboard in Resources */ = {isa = PBXBuildFile; fileRef = 3B05DE5B28D263F6006CD33B /* TransferToSomeone.storyboard */; };
		3B3678EB28D5D26100C9BA47 /* APIManager.swift in Sources */ = {isa = PBXBuildFile; fileRef = 3B3678EA28D5D26100C9BA47 /* APIManager.swift */; };
		3B3678F328D6150F00C9BA47 /* SignUpPresenter.swift in Sources */ = {isa = PBXBuildFile; fileRef = 3B3678ED28D6150F00C9BA47 /* SignUpPresenter.swift */; };
		3B3678F428D6150F00C9BA47 /* SignUpWorker.swift in Sources */ = {isa = PBXBuildFile; fileRef = 3B3678EE28D6150F00C9BA47 /* SignUpWorker.swift */; };
		3B3678F528D6150F00C9BA47 /* SignUpRouter.swift in Sources */ = {isa = PBXBuildFile; fileRef = 3B3678EF28D6150F00C9BA47 /* SignUpRouter.swift */; };
		3B3678F628D6150F00C9BA47 /* SignUpModels.swift in Sources */ = {isa = PBXBuildFile; fileRef = 3B3678F028D6150F00C9BA47 /* SignUpModels.swift */; };
		3B3678F728D6150F00C9BA47 /* SignUpViewController.swift in Sources */ = {isa = PBXBuildFile; fileRef = 3B3678F128D6150F00C9BA47 /* SignUpViewController.swift */; };
		3B3678F828D6150F00C9BA47 /* SignUpInteractor.swift in Sources */ = {isa = PBXBuildFile; fileRef = 3B3678F228D6150F00C9BA47 /* SignUpInteractor.swift */; };
		3B3678FB28D75CFE00C9BA47 /* AlertWorker.swift in Sources */ = {isa = PBXBuildFile; fileRef = 3B3678FA28D75CFE00C9BA47 /* AlertWorker.swift */; };
		3B36790328D7DED000C9BA47 /* HomePresenter.swift in Sources */ = {isa = PBXBuildFile; fileRef = 3B3678FD28D7DED000C9BA47 /* HomePresenter.swift */; };
		3B36790428D7DED000C9BA47 /* HomeWorker.swift in Sources */ = {isa = PBXBuildFile; fileRef = 3B3678FE28D7DED000C9BA47 /* HomeWorker.swift */; };
		3B36790528D7DED000C9BA47 /* HomeRouter.swift in Sources */ = {isa = PBXBuildFile; fileRef = 3B3678FF28D7DED000C9BA47 /* HomeRouter.swift */; };
		3B36790628D7DED000C9BA47 /* HomeModels.swift in Sources */ = {isa = PBXBuildFile; fileRef = 3B36790028D7DED000C9BA47 /* HomeModels.swift */; };
		3B36790728D7DED000C9BA47 /* HomeViewController.swift in Sources */ = {isa = PBXBuildFile; fileRef = 3B36790128D7DED000C9BA47 /* HomeViewController.swift */; };
		3B36790828D7DED000C9BA47 /* HomeInteractor.swift in Sources */ = {isa = PBXBuildFile; fileRef = 3B36790228D7DED000C9BA47 /* HomeInteractor.swift */; };
		3B3ED61628CA42F60036D760 /* ProfilePage.storyboard in Resources */ = {isa = PBXBuildFile; fileRef = 3B3ED61528CA42F60036D760 /* ProfilePage.storyboard */; };
		3B3ED61828CA48230036D760 /* ProfileViewController.swift in Sources */ = {isa = PBXBuildFile; fileRef = 3B3ED61728CA48230036D760 /* ProfileViewController.swift */; };
		3B3ED61B28CA4C350036D760 /* ProfileSettingsCell.swift in Sources */ = {isa = PBXBuildFile; fileRef = 3B3ED61A28CA4C350036D760 /* ProfileSettingsCell.swift */; };
		3B829C5428D92757000E1445 /* PasswordChangeViewController.swift in Sources */ = {isa = PBXBuildFile; fileRef = 3B829C5328D92757000E1445 /* PasswordChangeViewController.swift */; };
		3B89B89428D4E35B005143C0 /* LoginPresenter.swift in Sources */ = {isa = PBXBuildFile; fileRef = 3B89B88E28D4E35B005143C0 /* LoginPresenter.swift */; };
		3B89B89528D4E35B005143C0 /* LoginWorker.swift in Sources */ = {isa = PBXBuildFile; fileRef = 3B89B88F28D4E35B005143C0 /* LoginWorker.swift */; };
		3B89B89628D4E35B005143C0 /* LoginRouter.swift in Sources */ = {isa = PBXBuildFile; fileRef = 3B89B89028D4E35B005143C0 /* LoginRouter.swift */; };
		3B89B89728D4E35B005143C0 /* LoginModels.swift in Sources */ = {isa = PBXBuildFile; fileRef = 3B89B89128D4E35B005143C0 /* LoginModels.swift */; };
		3B89B89828D4E35B005143C0 /* LoginViewController.swift in Sources */ = {isa = PBXBuildFile; fileRef = 3B89B89228D4E35B005143C0 /* LoginViewController.swift */; };
		3B89B89928D4E35B005143C0 /* LoginInteractor.swift in Sources */ = {isa = PBXBuildFile; fileRef = 3B89B89328D4E35B005143C0 /* LoginInteractor.swift */; };
		3BB988D128D8586500079958 /* CurrencyCellModel.swift in Sources */ = {isa = PBXBuildFile; fileRef = 3BB988D028D8586500079958 /* CurrencyCellModel.swift */; };
		3BB99D8E28D9B02600BF6271 /* currencyModel.swift in Sources */ = {isa = PBXBuildFile; fileRef = 3BB99D8D28D9B02600BF6271 /* currencyModel.swift */; };
		3BBFA50B28CAB2770092B944 /* PasswordChange.storyboard in Resources */ = {isa = PBXBuildFile; fileRef = 3BBFA50A28CAB2770092B944 /* PasswordChange.storyboard */; };
		3BBFA50D28CABA620092B944 /* HomePage.storyboard in Resources */ = {isa = PBXBuildFile; fileRef = 3BBFA50C28CABA620092B944 /* HomePage.storyboard */; };
		3BBFA51228CBECA40092B944 /* UserCredentials.swift in Sources */ = {isa = PBXBuildFile; fileRef = 3BBFA51128CBECA40092B944 /* UserCredentials.swift */; };
		3BD22D1628D517FE004DF6FD /* Helper.swift in Sources */ = {isa = PBXBuildFile; fileRef = 3BD22D1528D517FE004DF6FD /* Helper.swift */; };
		3BD22D1928D529A0004DF6FD /* SignUp.storyboard in Resources */ = {isa = PBXBuildFile; fileRef = 3BD22D1828D529A0004DF6FD /* SignUp.storyboard */; };
		3BD7C59728CD463000C08D08 /* InternalTransfersViewController.swift in Sources */ = {isa = PBXBuildFile; fileRef = 3BD7C59528CD463000C08D08 /* InternalTransfersViewController.swift */; };
		3BD7C59A28CD467D00C08D08 /* TransfersPage.storyboard in Resources */ = {isa = PBXBuildFile; fileRef = 3BD7C59928CD467D00C08D08 /* TransfersPage.storyboard */; };
		3BD7C59C28CE0ACF00C08D08 /* InternalTransfers.storyboard in Resources */ = {isa = PBXBuildFile; fileRef = 3BD7C59B28CE0ACF00C08D08 /* InternalTransfers.storyboard */; };
		3BD7C59E28CE36A900C08D08 /* TransfersViewController.swift in Sources */ = {isa = PBXBuildFile; fileRef = 3BD7C59D28CE36A900C08D08 /* TransfersViewController.swift */; };
		3BD7C5A028CE384400C08D08 /* TransferCell.swift in Sources */ = {isa = PBXBuildFile; fileRef = 3BD7C59F28CE384400C08D08 /* TransferCell.swift */; };
		3BDF474728C4DC2A00ABF484 /* CurrencyCell.swift in Sources */ = {isa = PBXBuildFile; fileRef = 3BDF474628C4DC2A00ABF484 /* CurrencyCell.swift */; };
		3BDF474928C501E100ABF484 /* APIError.swift in Sources */ = {isa = PBXBuildFile; fileRef = 3BDF474828C501E100ABF484 /* APIError.swift */; };
		3BDF474D28C5065300ABF484 /* NetworkWorker.swift in Sources */ = {isa = PBXBuildFile; fileRef = 3BDF474C28C5065300ABF484 /* NetworkWorker.swift */; };
		3BECBC782896EF3500ACFEC5 /* AppDelegate.swift in Sources */ = {isa = PBXBuildFile; fileRef = 3BECBC772896EF3500ACFEC5 /* AppDelegate.swift */; };
		3BECBC7A2896EF3500ACFEC5 /* SceneDelegate.swift in Sources */ = {isa = PBXBuildFile; fileRef = 3BECBC792896EF3500ACFEC5 /* SceneDelegate.swift */; };
		3BECBC7F2896EF3500ACFEC5 /* Main.storyboard in Resources */ = {isa = PBXBuildFile; fileRef = 3BECBC7D2896EF3500ACFEC5 /* Main.storyboard */; };
		3BECBC812896EF3A00ACFEC5 /* Assets.xcassets in Resources */ = {isa = PBXBuildFile; fileRef = 3BECBC802896EF3A00ACFEC5 /* Assets.xcassets */; };
		3BECBC842896EF3A00ACFEC5 /* LaunchScreen.storyboard in Resources */ = {isa = PBXBuildFile; fileRef = 3BECBC822896EF3A00ACFEC5 /* LaunchScreen.storyboard */; };
		3BECBC8C2896EFA900ACFEC5 /* GoogleService-Info.plist in Resources */ = {isa = PBXBuildFile; fileRef = 3BECBC8B2896EFA900ACFEC5 /* GoogleService-Info.plist */; };
		3BECBC932897223C00ACFEC5 /* Constants.swift in Sources */ = {isa = PBXBuildFile; fileRef = 3BECBC922897223C00ACFEC5 /* Constants.swift */; };
/* End PBXBuildFile section */

/* Begin PBXFileReference section */
		2A40ED5311E574AD14C4A72A /* Pods-Project_Sandro_Giorgishvili.release.xcconfig */ = {isa = PBXFileReference; includeInIndex = 1; lastKnownFileType = text.xcconfig; name = "Pods-Project_Sandro_Giorgishvili.release.xcconfig"; path = "Target Support Files/Pods-Project_Sandro_Giorgishvili/Pods-Project_Sandro_Giorgishvili.release.xcconfig"; sourceTree = "<group>"; };
		3B05DE5928D263D5006CD33B /* TransferToSomeoneViewController.swift */ = {isa = PBXFileReference; lastKnownFileType = sourcecode.swift; path = TransferToSomeoneViewController.swift; sourceTree = "<group>"; };
		3B05DE5B28D263F6006CD33B /* TransferToSomeone.storyboard */ = {isa = PBXFileReference; lastKnownFileType = file.storyboard; path = TransferToSomeone.storyboard; sourceTree = "<group>"; };
		3B3678EA28D5D26100C9BA47 /* APIManager.swift */ = {isa = PBXFileReference; lastKnownFileType = sourcecode.swift; path = APIManager.swift; sourceTree = "<group>"; };
		3B3678ED28D6150F00C9BA47 /* SignUpPresenter.swift */ = {isa = PBXFileReference; lastKnownFileType = sourcecode.swift; path = SignUpPresenter.swift; sourceTree = "<group>"; };
		3B3678EE28D6150F00C9BA47 /* SignUpWorker.swift */ = {isa = PBXFileReference; lastKnownFileType = sourcecode.swift; path = SignUpWorker.swift; sourceTree = "<group>"; };
		3B3678EF28D6150F00C9BA47 /* SignUpRouter.swift */ = {isa = PBXFileReference; lastKnownFileType = sourcecode.swift; path = SignUpRouter.swift; sourceTree = "<group>"; };
		3B3678F028D6150F00C9BA47 /* SignUpModels.swift */ = {isa = PBXFileReference; lastKnownFileType = sourcecode.swift; path = SignUpModels.swift; sourceTree = "<group>"; };
		3B3678F128D6150F00C9BA47 /* SignUpViewController.swift */ = {isa = PBXFileReference; lastKnownFileType = sourcecode.swift; path = SignUpViewController.swift; sourceTree = "<group>"; };
		3B3678F228D6150F00C9BA47 /* SignUpInteractor.swift */ = {isa = PBXFileReference; lastKnownFileType = sourcecode.swift; path = SignUpInteractor.swift; sourceTree = "<group>"; };
		3B3678FA28D75CFE00C9BA47 /* AlertWorker.swift */ = {isa = PBXFileReference; lastKnownFileType = sourcecode.swift; path = AlertWorker.swift; sourceTree = "<group>"; };
		3B3678FD28D7DED000C9BA47 /* HomePresenter.swift */ = {isa = PBXFileReference; lastKnownFileType = sourcecode.swift; path = HomePresenter.swift; sourceTree = "<group>"; };
		3B3678FE28D7DED000C9BA47 /* HomeWorker.swift */ = {isa = PBXFileReference; lastKnownFileType = sourcecode.swift; path = HomeWorker.swift; sourceTree = "<group>"; };
		3B3678FF28D7DED000C9BA47 /* HomeRouter.swift */ = {isa = PBXFileReference; lastKnownFileType = sourcecode.swift; path = HomeRouter.swift; sourceTree = "<group>"; };
		3B36790028D7DED000C9BA47 /* HomeModels.swift */ = {isa = PBXFileReference; lastKnownFileType = sourcecode.swift; path = HomeModels.swift; sourceTree = "<group>"; };
		3B36790128D7DED000C9BA47 /* HomeViewController.swift */ = {isa = PBXFileReference; lastKnownFileType = sourcecode.swift; path = HomeViewController.swift; sourceTree = "<group>"; };
		3B36790228D7DED000C9BA47 /* HomeInteractor.swift */ = {isa = PBXFileReference; lastKnownFileType = sourcecode.swift; path = HomeInteractor.swift; sourceTree = "<group>"; };
		3B3ED61528CA42F60036D760 /* ProfilePage.storyboard */ = {isa = PBXFileReference; lastKnownFileType = file.storyboard; path = ProfilePage.storyboard; sourceTree = "<group>"; };
		3B3ED61728CA48230036D760 /* ProfileViewController.swift */ = {isa = PBXFileReference; lastKnownFileType = sourcecode.swift; path = ProfileViewController.swift; sourceTree = "<group>"; };
		3B3ED61A28CA4C350036D760 /* ProfileSettingsCell.swift */ = {isa = PBXFileReference; lastKnownFileType = sourcecode.swift; path = ProfileSettingsCell.swift; sourceTree = "<group>"; };
		3B829C5328D92757000E1445 /* PasswordChangeViewController.swift */ = {isa = PBXFileReference; lastKnownFileType = sourcecode.swift; path = PasswordChangeViewController.swift; sourceTree = "<group>"; };
		3B89B88E28D4E35B005143C0 /* LoginPresenter.swift */ = {isa = PBXFileReference; lastKnownFileType = sourcecode.swift; path = LoginPresenter.swift; sourceTree = "<group>"; };
		3B89B88F28D4E35B005143C0 /* LoginWorker.swift */ = {isa = PBXFileReference; lastKnownFileType = sourcecode.swift; path = LoginWorker.swift; sourceTree = "<group>"; };
		3B89B89028D4E35B005143C0 /* LoginRouter.swift */ = {isa = PBXFileReference; lastKnownFileType = sourcecode.swift; path = LoginRouter.swift; sourceTree = "<group>"; };
		3B89B89128D4E35B005143C0 /* LoginModels.swift */ = {isa = PBXFileReference; lastKnownFileType = sourcecode.swift; path = LoginModels.swift; sourceTree = "<group>"; };
		3B89B89228D4E35B005143C0 /* LoginViewController.swift */ = {isa = PBXFileReference; lastKnownFileType = sourcecode.swift; path = LoginViewController.swift; sourceTree = "<group>"; };
		3B89B89328D4E35B005143C0 /* LoginInteractor.swift */ = {isa = PBXFileReference; lastKnownFileType = sourcecode.swift; path = LoginInteractor.swift; sourceTree = "<group>"; };
		3BB988D028D8586500079958 /* CurrencyCellModel.swift */ = {isa = PBXFileReference; lastKnownFileType = sourcecode.swift; path = CurrencyCellModel.swift; sourceTree = "<group>"; };
		3BB99D8D28D9B02600BF6271 /* currencyModel.swift */ = {isa = PBXFileReference; fileEncoding = 4; lastKnownFileType = sourcecode.swift; name = currencyModel.swift; path = ../../../../../.Trash/currencyModel.swift; sourceTree = "<group>"; };
		3BBFA50A28CAB2770092B944 /* PasswordChange.storyboard */ = {isa = PBXFileReference; lastKnownFileType = file.storyboard; path = PasswordChange.storyboard; sourceTree = "<group>"; };
		3BBFA50C28CABA620092B944 /* HomePage.storyboard */ = {isa = PBXFileReference; lastKnownFileType = file.storyboard; path = HomePage.storyboard; sourceTree = "<group>"; };
		3BBFA51128CBECA40092B944 /* UserCredentials.swift */ = {isa = PBXFileReference; lastKnownFileType = sourcecode.swift; path = UserCredentials.swift; sourceTree = "<group>"; };
		3BD22D1528D517FE004DF6FD /* Helper.swift */ = {isa = PBXFileReference; lastKnownFileType = sourcecode.swift; path = Helper.swift; sourceTree = "<group>"; };
		3BD22D1828D529A0004DF6FD /* SignUp.storyboard */ = {isa = PBXFileReference; lastKnownFileType = file.storyboard; path = SignUp.storyboard; sourceTree = "<group>"; };
		3BD7C59528CD463000C08D08 /* InternalTransfersViewController.swift */ = {isa = PBXFileReference; lastKnownFileType = sourcecode.swift; path = InternalTransfersViewController.swift; sourceTree = "<group>"; };
		3BD7C59928CD467D00C08D08 /* TransfersPage.storyboard */ = {isa = PBXFileReference; lastKnownFileType = file.storyboard; path = TransfersPage.storyboard; sourceTree = "<group>"; };
		3BD7C59B28CE0ACF00C08D08 /* InternalTransfers.storyboard */ = {isa = PBXFileReference; lastKnownFileType = file.storyboard; path = InternalTransfers.storyboard; sourceTree = "<group>"; };
		3BD7C59D28CE36A900C08D08 /* TransfersViewController.swift */ = {isa = PBXFileReference; lastKnownFileType = sourcecode.swift; path = TransfersViewController.swift; sourceTree = "<group>"; };
		3BD7C59F28CE384400C08D08 /* TransferCell.swift */ = {isa = PBXFileReference; lastKnownFileType = sourcecode.swift; path = TransferCell.swift; sourceTree = "<group>"; };
		3BDF474628C4DC2A00ABF484 /* CurrencyCell.swift */ = {isa = PBXFileReference; lastKnownFileType = sourcecode.swift; path = CurrencyCell.swift; sourceTree = "<group>"; };
		3BDF474828C501E100ABF484 /* APIError.swift */ = {isa = PBXFileReference; lastKnownFileType = sourcecode.swift; path = APIError.swift; sourceTree = "<group>"; };
		3BDF474C28C5065300ABF484 /* NetworkWorker.swift */ = {isa = PBXFileReference; lastKnownFileType = sourcecode.swift; path = NetworkWorker.swift; sourceTree = "<group>"; };
		3BECBC742896EF3500ACFEC5 /* Project_Sandro_Giorgishvili.app */ = {isa = PBXFileReference; explicitFileType = wrapper.application; includeInIndex = 0; path = Project_Sandro_Giorgishvili.app; sourceTree = BUILT_PRODUCTS_DIR; };
		3BECBC772896EF3500ACFEC5 /* AppDelegate.swift */ = {isa = PBXFileReference; lastKnownFileType = sourcecode.swift; path = AppDelegate.swift; sourceTree = "<group>"; };
		3BECBC792896EF3500ACFEC5 /* SceneDelegate.swift */ = {isa = PBXFileReference; lastKnownFileType = sourcecode.swift; path = SceneDelegate.swift; sourceTree = "<group>"; };
		3BECBC7E2896EF3500ACFEC5 /* Base */ = {isa = PBXFileReference; lastKnownFileType = file.storyboard; name = Base; path = Base.lproj/Main.storyboard; sourceTree = "<group>"; };
		3BECBC802896EF3A00ACFEC5 /* Assets.xcassets */ = {isa = PBXFileReference; lastKnownFileType = folder.assetcatalog; path = Assets.xcassets; sourceTree = "<group>"; };
		3BECBC832896EF3A00ACFEC5 /* Base */ = {isa = PBXFileReference; lastKnownFileType = file.storyboard; name = Base; path = Base.lproj/LaunchScreen.storyboard; sourceTree = "<group>"; };
		3BECBC852896EF3A00ACFEC5 /* Info.plist */ = {isa = PBXFileReference; lastKnownFileType = text.plist.xml; path = Info.plist; sourceTree = "<group>"; };
		3BECBC8B2896EFA900ACFEC5 /* GoogleService-Info.plist */ = {isa = PBXFileReference; fileEncoding = 4; lastKnownFileType = text.plist.xml; path = "GoogleService-Info.plist"; sourceTree = "<group>"; };
		3BECBC922897223C00ACFEC5 /* Constants.swift */ = {isa = PBXFileReference; lastKnownFileType = sourcecode.swift; path = Constants.swift; sourceTree = "<group>"; };
		DE090829F7D821B783E0A85E /* Pods_Project_Sandro_Giorgishvili.framework */ = {isa = PBXFileReference; explicitFileType = wrapper.framework; includeInIndex = 0; path = Pods_Project_Sandro_Giorgishvili.framework; sourceTree = BUILT_PRODUCTS_DIR; };
		F7D3A1E69464924E56ECB49F /* Pods-Project_Sandro_Giorgishvili.debug.xcconfig */ = {isa = PBXFileReference; includeInIndex = 1; lastKnownFileType = text.xcconfig; name = "Pods-Project_Sandro_Giorgishvili.debug.xcconfig"; path = "Target Support Files/Pods-Project_Sandro_Giorgishvili/Pods-Project_Sandro_Giorgishvili.debug.xcconfig"; sourceTree = "<group>"; };
/* End PBXFileReference section */

/* Begin PBXFrameworksBuildPhase section */
		3BECBC712896EF3500ACFEC5 /* Frameworks */ = {
			isa = PBXFrameworksBuildPhase;
			buildActionMask = 2147483647;
			files = (
				2E016B27DAF94ACCC4AABBBD /* Pods_Project_Sandro_Giorgishvili.framework in Frameworks */,
			);
			runOnlyForDeploymentPostprocessing = 0;
		};
/* End PBXFrameworksBuildPhase section */

/* Begin PBXGroup section */
		1FF050499FE0FFE6D05DA88E /* Pods */ = {
			isa = PBXGroup;
			children = (
				F7D3A1E69464924E56ECB49F /* Pods-Project_Sandro_Giorgishvili.debug.xcconfig */,
				2A40ED5311E574AD14C4A72A /* Pods-Project_Sandro_Giorgishvili.release.xcconfig */,
			);
			path = Pods;
			sourceTree = "<group>";
		};
		3B3678E928D5CA1300C9BA47 /* API */ = {
			isa = PBXGroup;
			children = (
				3BDF474828C501E100ABF484 /* APIError.swift */,
				3B3678EA28D5D26100C9BA47 /* APIManager.swift */,
			);
			path = API;
			sourceTree = "<group>";
		};
		3B3678EC28D614F300C9BA47 /* SignUp */ = {
			isa = PBXGroup;
			children = (
				3B3678F128D6150F00C9BA47 /* SignUpViewController.swift */,
				3B3678F228D6150F00C9BA47 /* SignUpInteractor.swift */,
				3B3678EE28D6150F00C9BA47 /* SignUpWorker.swift */,
				3B3678ED28D6150F00C9BA47 /* SignUpPresenter.swift */,
				3B3678EF28D6150F00C9BA47 /* SignUpRouter.swift */,
				3B3678F028D6150F00C9BA47 /* SignUpModels.swift */,
			);
			path = SignUp;
			sourceTree = "<group>";
		};
		3B3678F928D75CE800C9BA47 /* Workers */ = {
			isa = PBXGroup;
			children = (
				3B3678FA28D75CFE00C9BA47 /* AlertWorker.swift */,
			);
			path = Workers;
			sourceTree = "<group>";
		};
		3B3678FC28D7DEA200C9BA47 /* Home */ = {
			isa = PBXGroup;
			children = (
				3B36790128D7DED000C9BA47 /* HomeViewController.swift */,
				3B36790228D7DED000C9BA47 /* HomeInteractor.swift */,
				3B3678FD28D7DED000C9BA47 /* HomePresenter.swift */,
				3B3678FE28D7DED000C9BA47 /* HomeWorker.swift */,
				3B3678FF28D7DED000C9BA47 /* HomeRouter.swift */,
				3B36790028D7DED000C9BA47 /* HomeModels.swift */,
			);
			path = Home;
			sourceTree = "<group>";
		};
		3B3ED61928CA48A00036D760 /* Cells */ = {
			isa = PBXGroup;
			children = (
				3BB99D9428DA767400BF6271 /* Transfers */,
				3BB99D9328DA766A00BF6271 /* Profile */,
				3BB988CF28D8583C00079958 /* ExchangeRate */,
			);
			path = Cells;
			sourceTree = "<group>";
		};
		3B829C3728D920DE000E1445 /* Models */ = {
			isa = PBXGroup;
			children = (
				3BB99D8D28D9B02600BF6271 /* currencyModel.swift */,
			);
			path = Models;
			sourceTree = "<group>";
		};
		3B89B88C28D4E33A005143C0 /* Scenes */ = {
			isa = PBXGroup;
			children = (
				3B89B88D28D4E340005143C0 /* Login */,
				3B3678EC28D614F300C9BA47 /* SignUp */,
				3B3678FC28D7DEA200C9BA47 /* Home */,
			);
			path = Scenes;
			sourceTree = "<group>";
		};
		3B89B88D28D4E340005143C0 /* Login */ = {
			isa = PBXGroup;
			children = (
				3B89B89228D4E35B005143C0 /* LoginViewController.swift */,
				3B89B89328D4E35B005143C0 /* LoginInteractor.swift */,
				3B89B88E28D4E35B005143C0 /* LoginPresenter.swift */,
				3B89B88F28D4E35B005143C0 /* LoginWorker.swift */,
				3B89B89028D4E35B005143C0 /* LoginRouter.swift */,
				3B89B89128D4E35B005143C0 /* LoginModels.swift */,
			);
			path = Login;
			sourceTree = "<group>";
		};
		3BB988CF28D8583C00079958 /* ExchangeRate */ = {
			isa = PBXGroup;
			children = (
				3BDF474628C4DC2A00ABF484 /* CurrencyCell.swift */,
				3BB988D028D8586500079958 /* CurrencyCellModel.swift */,
			);
			path = ExchangeRate;
			sourceTree = "<group>";
		};
		3BB99D8F28DA759B00BF6271 /* Helper */ = {
			isa = PBXGroup;
			children = (
				3BD22D1528D517FE004DF6FD /* Helper.swift */,
			);
			path = Helper;
			sourceTree = "<group>";
		};
		3BB99D9028DA75A700BF6271 /* Constants */ = {
			isa = PBXGroup;
			children = (
				3BECBC922897223C00ACFEC5 /* Constants.swift */,
			);
			path = Constants;
			sourceTree = "<group>";
		};
		3BB99D9128DA75B700BF6271 /* UserFirestoreModel */ = {
			isa = PBXGroup;
			children = (
				3BBFA51128CBECA40092B944 /* UserCredentials.swift */,
			);
			path = UserFirestoreModel;
			sourceTree = "<group>";
		};
		3BB99D9328DA766A00BF6271 /* Profile */ = {
			isa = PBXGroup;
			children = (
				3B3ED61A28CA4C350036D760 /* ProfileSettingsCell.swift */,
			);
			path = Profile;
			sourceTree = "<group>";
		};
		3BB99D9428DA767400BF6271 /* Transfers */ = {
			isa = PBXGroup;
			children = (
				3BD7C59F28CE384400C08D08 /* TransferCell.swift */,
			);
			path = Transfers;
			sourceTree = "<group>";
		};
		3BB99D9528DAFC7700BF6271 /* NetworkWorker */ = {
			isa = PBXGroup;
			children = (
				3BDF474C28C5065300ABF484 /* NetworkWorker.swift */,
			);
			path = NetworkWorker;
			sourceTree = "<group>";
		};
		3BBFA51028CBE5900092B944 /* StoryBoards */ = {
			isa = PBXGroup;
			children = (
				3BECBC7D2896EF3500ACFEC5 /* Main.storyboard */,
				3BD22D1828D529A0004DF6FD /* SignUp.storyboard */,
				3B3ED61528CA42F60036D760 /* ProfilePage.storyboard */,
				3BBFA50C28CABA620092B944 /* HomePage.storyboard */,
				3BBFA50A28CAB2770092B944 /* PasswordChange.storyboard */,
				3BD7C59928CD467D00C08D08 /* TransfersPage.storyboard */,
				3BD7C59B28CE0ACF00C08D08 /* InternalTransfers.storyboard */,
				3B05DE5B28D263F6006CD33B /* TransferToSomeone.storyboard */,
			);
			path = StoryBoards;
			sourceTree = "<group>";
		};
		3BECBC6B2896EF3500ACFEC5 = {
			isa = PBXGroup;
			children = (
				3BECBC762896EF3500ACFEC5 /* Project_Sandro_Giorgishvili */,
				3BECBC752896EF3500ACFEC5 /* Products */,
				1FF050499FE0FFE6D05DA88E /* Pods */,
				BA50E7070ACA1670980218D8 /* Frameworks */,
			);
			sourceTree = "<group>";
		};
		3BECBC752896EF3500ACFEC5 /* Products */ = {
			isa = PBXGroup;
			children = (
				3BECBC742896EF3500ACFEC5 /* Project_Sandro_Giorgishvili.app */,
			);
			name = Products;
			sourceTree = "<group>";
		};
		3BECBC762896EF3500ACFEC5 /* Project_Sandro_Giorgishvili */ = {
			isa = PBXGroup;
			children = (
				3BB99D9528DAFC7700BF6271 /* NetworkWorker */,
				3BB99D9128DA75B700BF6271 /* UserFirestoreModel */,
				3BB99D9028DA75A700BF6271 /* Constants */,
				3BB99D8F28DA759B00BF6271 /* Helper */,
				3B829C3728D920DE000E1445 /* Models */,
				3B3678F928D75CE800C9BA47 /* Workers */,
				3B3678E928D5CA1300C9BA47 /* API */,
				3B89B88C28D4E33A005143C0 /* Scenes */,
				3BECBC772896EF3500ACFEC5 /* AppDelegate.swift */,
				3BECBC792896EF3500ACFEC5 /* SceneDelegate.swift */,
				3B3ED61928CA48A00036D760 /* Cells */,
				3BECBC912896F3C100ACFEC5 /* VIewControllers */,
				3BBFA51028CBE5900092B944 /* StoryBoards */,
				3BECBC802896EF3A00ACFEC5 /* Assets.xcassets */,
				3BECBC822896EF3A00ACFEC5 /* LaunchScreen.storyboard */,
				3BECBC852896EF3A00ACFEC5 /* Info.plist */,
				3BECBC8B2896EFA900ACFEC5 /* GoogleService-Info.plist */,
			);
			path = Project_Sandro_Giorgishvili;
			sourceTree = "<group>";
		};
		3BECBC912896F3C100ACFEC5 /* VIewControllers */ = {
			isa = PBXGroup;
			children = (
				3B829C5328D92757000E1445 /* PasswordChangeViewController.swift */,
				3B3ED61728CA48230036D760 /* ProfileViewController.swift */,
				3BD7C59D28CE36A900C08D08 /* TransfersViewController.swift */,
				3BD7C59528CD463000C08D08 /* InternalTransfersViewController.swift */,
				3B05DE5928D263D5006CD33B /* TransferToSomeoneViewController.swift */,
			);
			path = VIewControllers;
			sourceTree = "<group>";
		};
		BA50E7070ACA1670980218D8 /* Frameworks */ = {
			isa = PBXGroup;
			children = (
				DE090829F7D821B783E0A85E /* Pods_Project_Sandro_Giorgishvili.framework */,
			);
			name = Frameworks;
			sourceTree = "<group>";
		};
/* End PBXGroup section */

/* Begin PBXNativeTarget section */
		3BECBC732896EF3500ACFEC5 /* Project_Sandro_Giorgishvili */ = {
			isa = PBXNativeTarget;
			buildConfigurationList = 3BECBC882896EF3A00ACFEC5 /* Build configuration list for PBXNativeTarget "Project_Sandro_Giorgishvili" */;
			buildPhases = (
				46001D74BF0531AB83FC55F1 /* [CP] Check Pods Manifest.lock */,
				3BECBC702896EF3500ACFEC5 /* Sources */,
				3BECBC712896EF3500ACFEC5 /* Frameworks */,
				3BECBC722896EF3500ACFEC5 /* Resources */,
				EDAE7877DCEB6C98AA3220D8 /* [CP] Embed Pods Frameworks */,
			);
			buildRules = (
			);
			dependencies = (
			);
			name = Project_Sandro_Giorgishvili;
			productName = Project_Sandro_Giorgishvili;
			productReference = 3BECBC742896EF3500ACFEC5 /* Project_Sandro_Giorgishvili.app */;
			productType = "com.apple.product-type.application";
		};
/* End PBXNativeTarget section */

/* Begin PBXProject section */
		3BECBC6C2896EF3500ACFEC5 /* Project object */ = {
			isa = PBXProject;
			attributes = {
				BuildIndependentTargetsInParallel = 1;
				LastSwiftUpdateCheck = 1340;
				LastUpgradeCheck = 1340;
				TargetAttributes = {
					3BECBC732896EF3500ACFEC5 = {
						CreatedOnToolsVersion = 13.4.1;
					};
				};
			};
			buildConfigurationList = 3BECBC6F2896EF3500ACFEC5 /* Build configuration list for PBXProject "Project_Sandro_Giorgishvili" */;
			compatibilityVersion = "Xcode 13.0";
			developmentRegion = en;
			hasScannedForEncodings = 0;
			knownRegions = (
				en,
				Base,
			);
			mainGroup = 3BECBC6B2896EF3500ACFEC5;
			productRefGroup = 3BECBC752896EF3500ACFEC5 /* Products */;
			projectDirPath = "";
			projectRoot = "";
			targets = (
				3BECBC732896EF3500ACFEC5 /* Project_Sandro_Giorgishvili */,
			);
		};
/* End PBXProject section */

/* Begin PBXResourcesBuildPhase section */
		3BECBC722896EF3500ACFEC5 /* Resources */ = {
			isa = PBXResourcesBuildPhase;
			buildActionMask = 2147483647;
			files = (
				3BECBC842896EF3A00ACFEC5 /* LaunchScreen.storyboard in Resources */,
				3BBFA50B28CAB2770092B944 /* PasswordChange.storyboard in Resources */,
				3BD22D1928D529A0004DF6FD /* SignUp.storyboard in Resources */,
				3BD7C59C28CE0ACF00C08D08 /* InternalTransfers.storyboard in Resources */,
				3BECBC8C2896EFA900ACFEC5 /* GoogleService-Info.plist in Resources */,
				3B05DE5C28D263F6006CD33B /* TransferToSomeone.storyboard in Resources */,
				3BD7C59A28CD467D00C08D08 /* TransfersPage.storyboard in Resources */,
				3BECBC812896EF3A00ACFEC5 /* Assets.xcassets in Resources */,
				3B3ED61628CA42F60036D760 /* ProfilePage.storyboard in Resources */,
				3BBFA50D28CABA620092B944 /* HomePage.storyboard in Resources */,
				3BECBC7F2896EF3500ACFEC5 /* Main.storyboard in Resources */,
			);
			runOnlyForDeploymentPostprocessing = 0;
		};
/* End PBXResourcesBuildPhase section */

/* Begin PBXShellScriptBuildPhase section */
		46001D74BF0531AB83FC55F1 /* [CP] Check Pods Manifest.lock */ = {
			isa = PBXShellScriptBuildPhase;
			buildActionMask = 2147483647;
			files = (
			);
			inputFileListPaths = (
			);
			inputPaths = (
				"${PODS_PODFILE_DIR_PATH}/Podfile.lock",
				"${PODS_ROOT}/Manifest.lock",
			);
			name = "[CP] Check Pods Manifest.lock";
			outputFileListPaths = (
			);
			outputPaths = (
				"$(DERIVED_FILE_DIR)/Pods-Project_Sandro_Giorgishvili-checkManifestLockResult.txt",
			);
			runOnlyForDeploymentPostprocessing = 0;
			shellPath = /bin/sh;
			shellScript = "diff \"${PODS_PODFILE_DIR_PATH}/Podfile.lock\" \"${PODS_ROOT}/Manifest.lock\" > /dev/null\nif [ $? != 0 ] ; then\n    # print error to STDERR\n    echo \"error: The sandbox is not in sync with the Podfile.lock. Run 'pod install' or update your CocoaPods installation.\" >&2\n    exit 1\nfi\n# This output is used by Xcode 'outputs' to avoid re-running this script phase.\necho \"SUCCESS\" > \"${SCRIPT_OUTPUT_FILE_0}\"\n";
			showEnvVarsInLog = 0;
		};
		EDAE7877DCEB6C98AA3220D8 /* [CP] Embed Pods Frameworks */ = {
			isa = PBXShellScriptBuildPhase;
			buildActionMask = 2147483647;
			files = (
			);
			inputFileListPaths = (
				"${PODS_ROOT}/Target Support Files/Pods-Project_Sandro_Giorgishvili/Pods-Project_Sandro_Giorgishvili-frameworks-${CONFIGURATION}-input-files.xcfilelist",
			);
			name = "[CP] Embed Pods Frameworks";
			outputFileListPaths = (
				"${PODS_ROOT}/Target Support Files/Pods-Project_Sandro_Giorgishvili/Pods-Project_Sandro_Giorgishvili-frameworks-${CONFIGURATION}-output-files.xcfilelist",
			);
			runOnlyForDeploymentPostprocessing = 0;
			shellPath = /bin/sh;
			shellScript = "\"${PODS_ROOT}/Target Support Files/Pods-Project_Sandro_Giorgishvili/Pods-Project_Sandro_Giorgishvili-frameworks.sh\"\n";
			showEnvVarsInLog = 0;
		};
/* End PBXShellScriptBuildPhase section */

/* Begin PBXSourcesBuildPhase section */
		3BECBC702896EF3500ACFEC5 /* Sources */ = {
			isa = PBXSourcesBuildPhase;
			buildActionMask = 2147483647;
			files = (
				3BD7C5A028CE384400C08D08 /* TransferCell.swift in Sources */,
				3BDF474728C4DC2A00ABF484 /* CurrencyCell.swift in Sources */,
				3BBFA51228CBECA40092B944 /* UserCredentials.swift in Sources */,
				3B3678F328D6150F00C9BA47 /* SignUpPresenter.swift in Sources */,
				3B3678EB28D5D26100C9BA47 /* APIManager.swift in Sources */,
				3B3ED61B28CA4C350036D760 /* ProfileSettingsCell.swift in Sources */,
				3BB988D128D8586500079958 /* CurrencyCellModel.swift in Sources */,
				3B89B89928D4E35B005143C0 /* LoginInteractor.swift in Sources */,
				3B829C5428D92757000E1445 /* PasswordChangeViewController.swift in Sources */,
				3B36790528D7DED000C9BA47 /* HomeRouter.swift in Sources */,
				3B89B89628D4E35B005143C0 /* LoginRouter.swift in Sources */,
				3B05DE5A28D263D5006CD33B /* TransferToSomeoneViewController.swift in Sources */,
				3B36790428D7DED000C9BA47 /* HomeWorker.swift in Sources */,
				3B89B89728D4E35B005143C0 /* LoginModels.swift in Sources */,
				3B3678F628D6150F00C9BA47 /* SignUpModels.swift in Sources */,
				3BD7C59E28CE36A900C08D08 /* TransfersViewController.swift in Sources */,
				3BECBC782896EF3500ACFEC5 /* AppDelegate.swift in Sources */,
				3B3678F528D6150F00C9BA47 /* SignUpRouter.swift in Sources */,
				3B3ED61828CA48230036D760 /* ProfileViewController.swift in Sources */,
				3B3678F428D6150F00C9BA47 /* SignUpWorker.swift in Sources */,
				3BDF474D28C5065300ABF484 /* NetworkWorker.swift in Sources */,
				3B89B89428D4E35B005143C0 /* LoginPresenter.swift in Sources */,
				3BB99D8E28D9B02600BF6271 /* currencyModel.swift in Sources */,
				3BECBC7A2896EF3500ACFEC5 /* SceneDelegate.swift in Sources */,
				3BD22D1628D517FE004DF6FD /* Helper.swift in Sources */,
				3B3678FB28D75CFE00C9BA47 /* AlertWorker.swift in Sources */,
				3B36790828D7DED000C9BA47 /* HomeInteractor.swift in Sources */,
				3B36790328D7DED000C9BA47 /* HomePresenter.swift in Sources */,
				3B3678F828D6150F00C9BA47 /* SignUpInteractor.swift in Sources */,
				3B89B89828D4E35B005143C0 /* LoginViewController.swift in Sources */,
				3B36790728D7DED000C9BA47 /* HomeViewController.swift in Sources */,
				3B36790628D7DED000C9BA47 /* HomeModels.swift in Sources */,
				3B3678F728D6150F00C9BA47 /* SignUpViewController.swift in Sources */,
				3BECBC932897223C00ACFEC5 /* Constants.swift in Sources */,
				3BD7C59728CD463000C08D08 /* InternalTransfersViewController.swift in Sources */,
				3BDF474928C501E100ABF484 /* APIError.swift in Sources */,
				3B89B89528D4E35B005143C0 /* LoginWorker.swift in Sources */,
			);
			runOnlyForDeploymentPostprocessing = 0;
		};
/* End PBXSourcesBuildPhase section */

/* Begin PBXVariantGroup section */
		3BECBC7D2896EF3500ACFEC5 /* Main.storyboard */ = {
			isa = PBXVariantGroup;
			children = (
				3BECBC7E2896EF3500ACFEC5 /* Base */,
			);
			name = Main.storyboard;
			sourceTree = "<group>";
		};
		3BECBC822896EF3A00ACFEC5 /* LaunchScreen.storyboard */ = {
			isa = PBXVariantGroup;
			children = (
				3BECBC832896EF3A00ACFEC5 /* Base */,
			);
			name = LaunchScreen.storyboard;
			sourceTree = "<group>";
		};
/* End PBXVariantGroup section */

/* Begin XCBuildConfiguration section */
		3BECBC862896EF3A00ACFEC5 /* Debug */ = {
			isa = XCBuildConfiguration;
			buildSettings = {
				ALWAYS_SEARCH_USER_PATHS = NO;
				CLANG_ANALYZER_NONNULL = YES;
				CLANG_ANALYZER_NUMBER_OBJECT_CONVERSION = YES_AGGRESSIVE;
				CLANG_CXX_LANGUAGE_STANDARD = "gnu++17";
				CLANG_ENABLE_MODULES = YES;
				CLANG_ENABLE_OBJC_ARC = YES;
				CLANG_ENABLE_OBJC_WEAK = YES;
				CLANG_WARN_BLOCK_CAPTURE_AUTORELEASING = YES;
				CLANG_WARN_BOOL_CONVERSION = YES;
				CLANG_WARN_COMMA = YES;
				CLANG_WARN_CONSTANT_CONVERSION = YES;
				CLANG_WARN_DEPRECATED_OBJC_IMPLEMENTATIONS = YES;
				CLANG_WARN_DIRECT_OBJC_ISA_USAGE = YES_ERROR;
				CLANG_WARN_DOCUMENTATION_COMMENTS = YES;
				CLANG_WARN_EMPTY_BODY = YES;
				CLANG_WARN_ENUM_CONVERSION = YES;
				CLANG_WARN_INFINITE_RECURSION = YES;
				CLANG_WARN_INT_CONVERSION = YES;
				CLANG_WARN_NON_LITERAL_NULL_CONVERSION = YES;
				CLANG_WARN_OBJC_IMPLICIT_RETAIN_SELF = YES;
				CLANG_WARN_OBJC_LITERAL_CONVERSION = YES;
				CLANG_WARN_OBJC_ROOT_CLASS = YES_ERROR;
				CLANG_WARN_QUOTED_INCLUDE_IN_FRAMEWORK_HEADER = YES;
				CLANG_WARN_RANGE_LOOP_ANALYSIS = YES;
				CLANG_WARN_STRICT_PROTOTYPES = YES;
				CLANG_WARN_SUSPICIOUS_MOVE = YES;
				CLANG_WARN_UNGUARDED_AVAILABILITY = YES_AGGRESSIVE;
				CLANG_WARN_UNREACHABLE_CODE = YES;
				CLANG_WARN__DUPLICATE_METHOD_MATCH = YES;
				COPY_PHASE_STRIP = NO;
				DEBUG_INFORMATION_FORMAT = dwarf;
				ENABLE_STRICT_OBJC_MSGSEND = YES;
				ENABLE_TESTABILITY = YES;
				GCC_C_LANGUAGE_STANDARD = gnu11;
				GCC_DYNAMIC_NO_PIC = NO;
				GCC_NO_COMMON_BLOCKS = YES;
				GCC_OPTIMIZATION_LEVEL = 0;
				GCC_PREPROCESSOR_DEFINITIONS = (
					"DEBUG=1",
					"$(inherited)",
				);
				GCC_WARN_64_TO_32_BIT_CONVERSION = YES;
				GCC_WARN_ABOUT_RETURN_TYPE = YES_ERROR;
				GCC_WARN_UNDECLARED_SELECTOR = YES;
				GCC_WARN_UNINITIALIZED_AUTOS = YES_AGGRESSIVE;
				GCC_WARN_UNUSED_FUNCTION = YES;
				GCC_WARN_UNUSED_VARIABLE = YES;
				IPHONEOS_DEPLOYMENT_TARGET = 15.5;
				MTL_ENABLE_DEBUG_INFO = INCLUDE_SOURCE;
				MTL_FAST_MATH = YES;
				ONLY_ACTIVE_ARCH = YES;
				SDKROOT = iphoneos;
				SWIFT_ACTIVE_COMPILATION_CONDITIONS = DEBUG;
				SWIFT_OPTIMIZATION_LEVEL = "-Onone";
			};
			name = Debug;
		};
		3BECBC872896EF3A00ACFEC5 /* Release */ = {
			isa = XCBuildConfiguration;
			buildSettings = {
				ALWAYS_SEARCH_USER_PATHS = NO;
				CLANG_ANALYZER_NONNULL = YES;
				CLANG_ANALYZER_NUMBER_OBJECT_CONVERSION = YES_AGGRESSIVE;
				CLANG_CXX_LANGUAGE_STANDARD = "gnu++17";
				CLANG_ENABLE_MODULES = YES;
				CLANG_ENABLE_OBJC_ARC = YES;
				CLANG_ENABLE_OBJC_WEAK = YES;
				CLANG_WARN_BLOCK_CAPTURE_AUTORELEASING = YES;
				CLANG_WARN_BOOL_CONVERSION = YES;
				CLANG_WARN_COMMA = YES;
				CLANG_WARN_CONSTANT_CONVERSION = YES;
				CLANG_WARN_DEPRECATED_OBJC_IMPLEMENTATIONS = YES;
				CLANG_WARN_DIRECT_OBJC_ISA_USAGE = YES_ERROR;
				CLANG_WARN_DOCUMENTATION_COMMENTS = YES;
				CLANG_WARN_EMPTY_BODY = YES;
				CLANG_WARN_ENUM_CONVERSION = YES;
				CLANG_WARN_INFINITE_RECURSION = YES;
				CLANG_WARN_INT_CONVERSION = YES;
				CLANG_WARN_NON_LITERAL_NULL_CONVERSION = YES;
				CLANG_WARN_OBJC_IMPLICIT_RETAIN_SELF = YES;
				CLANG_WARN_OBJC_LITERAL_CONVERSION = YES;
				CLANG_WARN_OBJC_ROOT_CLASS = YES_ERROR;
				CLANG_WARN_QUOTED_INCLUDE_IN_FRAMEWORK_HEADER = YES;
				CLANG_WARN_RANGE_LOOP_ANALYSIS = YES;
				CLANG_WARN_STRICT_PROTOTYPES = YES;
				CLANG_WARN_SUSPICIOUS_MOVE = YES;
				CLANG_WARN_UNGUARDED_AVAILABILITY = YES_AGGRESSIVE;
				CLANG_WARN_UNREACHABLE_CODE = YES;
				CLANG_WARN__DUPLICATE_METHOD_MATCH = YES;
				COPY_PHASE_STRIP = NO;
				DEBUG_INFORMATION_FORMAT = "dwarf-with-dsym";
				ENABLE_NS_ASSERTIONS = NO;
				ENABLE_STRICT_OBJC_MSGSEND = YES;
				GCC_C_LANGUAGE_STANDARD = gnu11;
				GCC_NO_COMMON_BLOCKS = YES;
				GCC_WARN_64_TO_32_BIT_CONVERSION = YES;
				GCC_WARN_ABOUT_RETURN_TYPE = YES_ERROR;
				GCC_WARN_UNDECLARED_SELECTOR = YES;
				GCC_WARN_UNINITIALIZED_AUTOS = YES_AGGRESSIVE;
				GCC_WARN_UNUSED_FUNCTION = YES;
				GCC_WARN_UNUSED_VARIABLE = YES;
				IPHONEOS_DEPLOYMENT_TARGET = 15.5;
				MTL_ENABLE_DEBUG_INFO = NO;
				MTL_FAST_MATH = YES;
				SDKROOT = iphoneos;
				SWIFT_COMPILATION_MODE = wholemodule;
				SWIFT_OPTIMIZATION_LEVEL = "-O";
				VALIDATE_PRODUCT = YES;
			};
			name = Release;
		};
		3BECBC892896EF3A00ACFEC5 /* Debug */ = {
			isa = XCBuildConfiguration;
			baseConfigurationReference = F7D3A1E69464924E56ECB49F /* Pods-Project_Sandro_Giorgishvili.debug.xcconfig */;
			buildSettings = {
				ASSETCATALOG_COMPILER_APPICON_NAME = AppIcon;
				ASSETCATALOG_COMPILER_GLOBAL_ACCENT_COLOR_NAME = AccentColor;
				CODE_SIGN_STYLE = Automatic;
				CURRENT_PROJECT_VERSION = 1;
				GENERATE_INFOPLIST_FILE = YES;
				INFOPLIST_FILE = Project_Sandro_Giorgishvili/Info.plist;
				INFOPLIST_KEY_UIApplicationSupportsIndirectInputEvents = YES;
				INFOPLIST_KEY_UILaunchStoryboardName = LaunchScreen;
				INFOPLIST_KEY_UIMainStoryboardFile = Main;
				INFOPLIST_KEY_UISupportedInterfaceOrientations_iPad = "UIInterfaceOrientationPortrait UIInterfaceOrientationPortraitUpsideDown UIInterfaceOrientationLandscapeLeft UIInterfaceOrientationLandscapeRight";
				INFOPLIST_KEY_UISupportedInterfaceOrientations_iPhone = "UIInterfaceOrientationPortrait UIInterfaceOrientationLandscapeLeft UIInterfaceOrientationLandscapeRight";
				LD_RUNPATH_SEARCH_PATHS = (
					"$(inherited)",
					"@executable_path/Frameworks",
				);
				MARKETING_VERSION = 1.0;
				PRODUCT_BUNDLE_IDENTIFIER = "com.TBCLectures.Project-Sandro-Giorgishvili";
				PRODUCT_NAME = "$(TARGET_NAME)";
				SWIFT_EMIT_LOC_STRINGS = YES;
				SWIFT_VERSION = 5.0;
				TARGETED_DEVICE_FAMILY = "1,2";
			};
			name = Debug;
		};
		3BECBC8A2896EF3A00ACFEC5 /* Release */ = {
			isa = XCBuildConfiguration;
			baseConfigurationReference = 2A40ED5311E574AD14C4A72A /* Pods-Project_Sandro_Giorgishvili.release.xcconfig */;
			buildSettings = {
				ASSETCATALOG_COMPILER_APPICON_NAME = AppIcon;
				ASSETCATALOG_COMPILER_GLOBAL_ACCENT_COLOR_NAME = AccentColor;
				CODE_SIGN_STYLE = Automatic;
				CURRENT_PROJECT_VERSION = 1;
				GENERATE_INFOPLIST_FILE = YES;
				INFOPLIST_FILE = Project_Sandro_Giorgishvili/Info.plist;
				INFOPLIST_KEY_UIApplicationSupportsIndirectInputEvents = YES;
				INFOPLIST_KEY_UILaunchStoryboardName = LaunchScreen;
				INFOPLIST_KEY_UIMainStoryboardFile = Main;
				INFOPLIST_KEY_UISupportedInterfaceOrientations_iPad = "UIInterfaceOrientationPortrait UIInterfaceOrientationPortraitUpsideDown UIInterfaceOrientationLandscapeLeft UIInterfaceOrientationLandscapeRight";
				INFOPLIST_KEY_UISupportedInterfaceOrientations_iPhone = "UIInterfaceOrientationPortrait UIInterfaceOrientationLandscapeLeft UIInterfaceOrientationLandscapeRight";
				LD_RUNPATH_SEARCH_PATHS = (
					"$(inherited)",
					"@executable_path/Frameworks",
				);
				MARKETING_VERSION = 1.0;
				PRODUCT_BUNDLE_IDENTIFIER = "com.TBCLectures.Project-Sandro-Giorgishvili";
				PRODUCT_NAME = "$(TARGET_NAME)";
				SWIFT_EMIT_LOC_STRINGS = YES;
				SWIFT_VERSION = 5.0;
				TARGETED_DEVICE_FAMILY = "1,2";
			};
			name = Release;
		};
/* End XCBuildConfiguration section */

/* Begin XCConfigurationList section */
		3BECBC6F2896EF3500ACFEC5 /* Build configuration list for PBXProject "Project_Sandro_Giorgishvili" */ = {
			isa = XCConfigurationList;
			buildConfigurations = (
				3BECBC862896EF3A00ACFEC5 /* Debug */,
				3BECBC872896EF3A00ACFEC5 /* Release */,
			);
			defaultConfigurationIsVisible = 0;
			defaultConfigurationName = Release;
		};
		3BECBC882896EF3A00ACFEC5 /* Build configuration list for PBXNativeTarget "Project_Sandro_Giorgishvili" */ = {
			isa = XCConfigurationList;
			buildConfigurations = (
				3BECBC892896EF3A00ACFEC5 /* Debug */,
				3BECBC8A2896EF3A00ACFEC5 /* Release */,
			);
			defaultConfigurationIsVisible = 0;
			defaultConfigurationName = Release;
		};
/* End XCConfigurationList section */
	};
	rootObject = 3BECBC6C2896EF3500ACFEC5 /* Project object */;
}
